
Microsoft Visual Studio Solution File, Format Version 12.00
# Visual Studio 15
VisualStudioVersion = 15.0.26403.7
MinimumVisualStudioVersion = 10.0.40219.1
Project("{FAE04EC0-301F-11D3-BF4B-00C04F79EFBC}") = "SomeAlgorithms", "SomeAlgorithms\SomeAlgorithms.csproj", "{937DBC5D-2A3C-4BDD-A6F2-E01E6C310B98}"
EndProject
Project("{FAE04EC0-301F-11D3-BF4B-00C04F79EFBC}") = "SomeAlgorithms.Tests", "SomeAlgorithms.Tests\SomeAlgorithms.Tests.csproj", "{F3680A4C-D14F-4E98-A704-2936FC95D50A}"
EndProject
Global
	GlobalSection(SolutionConfigurationPlatforms) = preSolution
		Debug|Any CPU = Debug|Any CPU
		Release|Any CPU = Release|Any CPU
	EndGlobalSection
	GlobalSection(ProjectConfigurationPlatforms) = postSolution
		{937DBC5D-2A3C-4BDD-A6F2-E01E6C310B98}.Debug|Any CPU.ActiveCfg = Debug|Any CPU
		{937DBC5D-2A3C-4BDD-A6F2-E01E6C310B98}.Debug|Any CPU.Build.0 = Debug|Any CPU
		{937DBC5D-2A3C-4BDD-A6F2-E01E6C310B98}.Release|Any CPU.ActiveCfg = Release|Any CPU
		{937DBC5D-2A3C-4BDD-A6F2-E01E6C310B98}.Release|Any CPU.Build.0 = Release|Any CPU
		{F3680A4C-D14F-4E98-A704-2936FC95D50A}.Debug|Any CPU.ActiveCfg = Debug|Any CPU
		{F3680A4C-D14F-4E98-A704-2936FC95D50A}.Debug|Any CPU.Build.0 = Debug|Any CPU
		{F3680A4C-D14F-4E98-A704-2936FC95D50A}.Release|Any CPU.ActiveCfg = Release|Any CPU
		{F3680A4C-D14F-4E98-A704-2936FC95D50A}.Release|Any CPU.Build.0 = Release|Any CPU
	EndGlobalSection
	GlobalSection(SolutionProperties) = preSolution
		HideSolutionNode = FALSE
	EndGlobalSection
EndGlobal
